
Microsoft Visual Studio Solution File, Format Version 12.00
# Visual Studio Version 17
VisualStudioVersion = 17.9.34728.123
MinimumVisualStudioVersion = 10.0.40219.1
Project("{FAE04EC0-301F-11D3-BF4B-00C04F79EFBC}") = "platformyTechnologiczne8", "platformyTechnologiczne8\platformyTechnologiczne8.csproj", "{0F537C2F-79B6-4884-93E5-90A87A7B9873}"
EndProject
Global
	GlobalSection(SolutionConfigurationPlatforms) = preSolution
		Debug|Any CPU = Debug|Any CPU
		Release|Any CPU = Release|Any CPU
	EndGlobalSection
	GlobalSection(ProjectConfigurationPlatforms) = postSolution
		{0F537C2F-79B6-4884-93E5-90A87A7B9873}.Debug|Any CPU.ActiveCfg = Debug|Any CPU
		{0F537C2F-79B6-4884-93E5-90A87A7B9873}.Debug|Any CPU.Build.0 = Debug|Any CPU
		{0F537C2F-79B6-4884-93E5-90A87A7B9873}.Release|Any CPU.ActiveCfg = Release|Any CPU
		{0F537C2F-79B6-4884-93E5-90A87A7B9873}.Release|Any CPU.Build.0 = Release|Any CPU
	EndGlobalSection
	GlobalSection(SolutionProperties) = preSolution
		HideSolutionNode = FALSE
	EndGlobalSection
	GlobalSection(ExtensibilityGlobals) = postSolution
		SolutionGuid = {99072A82-D522-49B2-BC44-0EB6A24B8BDB}
	EndGlobalSection
EndGlobal
